
Microsoft Visual Studio Solution File, Format Version 12.00
# Visual Studio 15
Project("{FAE04EC0-301F-11D3-BF4B-00C04F79EFBC}") = "TimeZoneBuilder", "TimeZoneBuilder.csproj", "{EE867F29-B214-4ED1-881E-2EBC9390385F}"
EndProject
Global
	GlobalSection(SolutionConfigurationPlatforms) = preSolution
		Debug|Any CPU = Debug|Any CPU
		Release|Any CPU = Release|Any CPU
	EndGlobalSection
	GlobalSection(ProjectConfigurationPlatforms) = postSolution
		{EE867F29-B214-4ED1-881E-2EBC9390385F}.Debug|Any CPU.ActiveCfg = Debug|Any CPU
		{EE867F29-B214-4ED1-881E-2EBC9390385F}.Debug|Any CPU.Build.0 = Debug|Any CPU
		{EE867F29-B214-4ED1-881E-2EBC9390385F}.Release|Any CPU.ActiveCfg = Release|Any CPU
		{EE867F29-B214-4ED1-881E-2EBC9390385F}.Release|Any CPU.Build.0 = Release|Any CPU
	EndGlobalSection
EndGlobal
